
Microsoft Visual Studio Solution File, Format Version 12.00
# Visual Studio Version 17
VisualStudioVersion = 17.14.36301.6 d17.14
MinimumVisualStudioVersion = 10.0.40219.1
Project("{FAE04EC0-301F-11D3-BF4B-00C04F79EFBC}") = "WebAppToDo", "WebAppToDo.csproj", "{2B21D05E-AD67-46C9-8511-5F9BC55A5BF3}"
EndProject
Global
	GlobalSection(SolutionConfigurationPlatforms) = preSolution
		Debug|Any CPU = Debug|Any CPU
		Release|Any CPU = Release|Any CPU
	EndGlobalSection
	GlobalSection(ProjectConfigurationPlatforms) = postSolution
		{2B21D05E-AD67-46C9-8511-5F9BC55A5BF3}.Debug|Any CPU.ActiveCfg = Debug|Any CPU
		{2B21D05E-AD67-46C9-8511-5F9BC55A5BF3}.Debug|Any CPU.Build.0 = Debug|Any CPU
		{2B21D05E-AD67-46C9-8511-5F9BC55A5BF3}.Release|Any CPU.ActiveCfg = Release|Any CPU
		{2B21D05E-AD67-46C9-8511-5F9BC55A5BF3}.Release|Any CPU.Build.0 = Release|Any CPU
	EndGlobalSection
	GlobalSection(SolutionProperties) = preSolution
		HideSolutionNode = FALSE
	EndGlobalSection
	GlobalSection(ExtensibilityGlobals) = postSolution
		SolutionGuid = {712CF698-CF13-44A1-9E20-5A24401BB57E}
	EndGlobalSection
EndGlobal
