
Microsoft Visual Studio Solution File, Format Version 12.00
# Visual Studio Version 17
VisualStudioVersion = 17.14.36221.1 d17.14
MinimumVisualStudioVersion = 10.0.40219.1
Project("{FAE04EC0-301F-11D3-BF4B-00C04F79EFBC}") = "TaskManagementmini", "TaskManagementmini.csproj", "{89BBA4BB-307E-4ED7-904B-6E7F1FAD7419}"
EndProject
Global
	GlobalSection(SolutionConfigurationPlatforms) = preSolution
		Debug|Any CPU = Debug|Any CPU
		Release|Any CPU = Release|Any CPU
	EndGlobalSection
	GlobalSection(ProjectConfigurationPlatforms) = postSolution
		{89BBA4BB-307E-4ED7-904B-6E7F1FAD7419}.Debug|Any CPU.ActiveCfg = Debug|Any CPU
		{89BBA4BB-307E-4ED7-904B-6E7F1FAD7419}.Debug|Any CPU.Build.0 = Debug|Any CPU
		{89BBA4BB-307E-4ED7-904B-6E7F1FAD7419}.Release|Any CPU.ActiveCfg = Release|Any CPU
		{89BBA4BB-307E-4ED7-904B-6E7F1FAD7419}.Release|Any CPU.Build.0 = Release|Any CPU
	EndGlobalSection
	GlobalSection(SolutionProperties) = preSolution
		HideSolutionNode = FALSE
	EndGlobalSection
	GlobalSection(ExtensibilityGlobals) = postSolution
		SolutionGuid = {2B996056-FEAA-4F1E-B439-E84D8F8899F5}
	EndGlobalSection
EndGlobal
